
Microsoft Visual Studio Solution File, Format Version 12.00
# Visual Studio Version 17
VisualStudioVersion = 17.8.34408.163
MinimumVisualStudioVersion = 10.0.40219.1
Project("{FAE04EC0-301F-11D3-BF4B-00C04F79EFBC}") = "HardCompare.Domain", "HardCompare-comparare-hardware\HardCompare.Domain\HardCompare.Domain.csproj", "{19D20050-A3B9-4EA2-BF02-FC5C87B67236}"
EndProject
Project("{FAE04EC0-301F-11D3-BF4B-00C04F79EFBC}") = "HardCompare.DataAccessLayer", "HardCompare-comparare-hardware\HardCompare.DataAccessLayer\HardCompare.DataAccessLayer.csproj", "{A6EF5782-7B65-469B-8B7A-CD96552F2AF9}"
EndProject
Project("{FAE04EC0-301F-11D3-BF4B-00C04F79EFBC}") = "HardCompare.BusinessLayer", "HardCompare-comparare-hardware\HardCompare.BusinessLayer\HardCompare.BusinessLayer.csproj", "{84B6E2B8-DAEC-4208-B83E-04A88E93A716}"
EndProject
Project("{FAE04EC0-301F-11D3-BF4B-00C04F79EFBC}") = "HardCompare.Api", "HardCompare-comparare-hardware\HardCompare.Api\HardCompare.Api.csproj", "{0FD3E1D5-CE52-4C52-B9E1-C0FCF1163F26}"
EndProject
Global
	GlobalSection(SolutionConfigurationPlatforms) = preSolution
		Debug|Any CPU = Debug|Any CPU
		Release|Any CPU = Release|Any CPU
	EndGlobalSection
	GlobalSection(ProjectConfigurationPlatforms) = postSolution
		{19D20050-A3B9-4EA2-BF02-FC5C87B67236}.Debug|Any CPU.ActiveCfg = Debug|Any CPU
		{19D20050-A3B9-4EA2-BF02-FC5C87B67236}.Debug|Any CPU.Build.0 = Debug|Any CPU
		{19D20050-A3B9-4EA2-BF02-FC5C87B67236}.Release|Any CPU.ActiveCfg = Release|Any CPU
		{19D20050-A3B9-4EA2-BF02-FC5C87B67236}.Release|Any CPU.Build.0 = Release|Any CPU
		{A6EF5782-7B65-469B-8B7A-CD96552F2AF9}.Debug|Any CPU.ActiveCfg = Debug|Any CPU
		{A6EF5782-7B65-469B-8B7A-CD96552F2AF9}.Debug|Any CPU.Build.0 = Debug|Any CPU
		{A6EF5782-7B65-469B-8B7A-CD96552F2AF9}.Release|Any CPU.ActiveCfg = Release|Any CPU
		{A6EF5782-7B65-469B-8B7A-CD96552F2AF9}.Release|Any CPU.Build.0 = Release|Any CPU
		{84B6E2B8-DAEC-4208-B83E-04A88E93A716}.Debug|Any CPU.ActiveCfg = Debug|Any CPU
		{84B6E2B8-DAEC-4208-B83E-04A88E93A716}.Debug|Any CPU.Build.0 = Debug|Any CPU
		{84B6E2B8-DAEC-4208-B83E-04A88E93A716}.Release|Any CPU.ActiveCfg = Release|Any CPU
		{84B6E2B8-DAEC-4208-B83E-04A88E93A716}.Release|Any CPU.Build.0 = Release|Any CPU
		{0FD3E1D5-CE52-4C52-B9E1-C0FCF1163F26}.Debug|Any CPU.ActiveCfg = Debug|Any CPU
		{0FD3E1D5-CE52-4C52-B9E1-C0FCF1163F26}.Debug|Any CPU.Build.0 = Debug|Any CPU
		{0FD3E1D5-CE52-4C52-B9E1-C0FCF1163F26}.Release|Any CPU.ActiveCfg = Release|Any CPU
		{0FD3E1D5-CE52-4C52-B9E1-C0FCF1163F26}.Release|Any CPU.Build.0 = Release|Any CPU
	EndGlobalSection
EndGlobal
